
Microsoft Visual Studio Solution File, Format Version 12.00
# Visual Studio 15
VisualStudioVersion = 15.0.28307.852
MinimumVisualStudioVersion = 10.0.40219.1
Project("{FAE04EC0-301F-11D3-BF4B-00C04F79EFBC}") = "IntegrationTests", "IntegrationTests\IntegrationTests.csproj", "{69BDD314-422D-4997-9A8F-A5ED87786D76}"
EndProject
Project("{FAE04EC0-301F-11D3-BF4B-00C04F79EFBC}") = "SeleniumTests", "SeleniumTests\SeleniumTests.csproj", "{5164C5F1-BDDA-4E2D-A535-5A3B42DFF0F5}"
EndProject
Project("{FAE04EC0-301F-11D3-BF4B-00C04F79EFBC}") = "TypicodeIntegrationTests", "TypicodeIntegrationTests\TypicodeIntegrationTests.csproj", "{90692EC1-2994-4639-A377-C7B637FB592E}"
EndProject
Global
	GlobalSection(SolutionConfigurationPlatforms) = preSolution
		Debug|Any CPU = Debug|Any CPU
		Release|Any CPU = Release|Any CPU
	EndGlobalSection
	GlobalSection(ProjectConfigurationPlatforms) = postSolution
		{69BDD314-422D-4997-9A8F-A5ED87786D76}.Debug|Any CPU.ActiveCfg = Debug|Any CPU
		{69BDD314-422D-4997-9A8F-A5ED87786D76}.Debug|Any CPU.Build.0 = Debug|Any CPU
		{69BDD314-422D-4997-9A8F-A5ED87786D76}.Release|Any CPU.ActiveCfg = Release|Any CPU
		{69BDD314-422D-4997-9A8F-A5ED87786D76}.Release|Any CPU.Build.0 = Release|Any CPU
		{5164C5F1-BDDA-4E2D-A535-5A3B42DFF0F5}.Debug|Any CPU.ActiveCfg = Debug|Any CPU
		{5164C5F1-BDDA-4E2D-A535-5A3B42DFF0F5}.Debug|Any CPU.Build.0 = Debug|Any CPU
		{5164C5F1-BDDA-4E2D-A535-5A3B42DFF0F5}.Release|Any CPU.ActiveCfg = Release|Any CPU
		{5164C5F1-BDDA-4E2D-A535-5A3B42DFF0F5}.Release|Any CPU.Build.0 = Release|Any CPU
		{90692EC1-2994-4639-A377-C7B637FB592E}.Debug|Any CPU.ActiveCfg = Debug|Any CPU
		{90692EC1-2994-4639-A377-C7B637FB592E}.Debug|Any CPU.Build.0 = Debug|Any CPU
		{90692EC1-2994-4639-A377-C7B637FB592E}.Release|Any CPU.ActiveCfg = Release|Any CPU
		{90692EC1-2994-4639-A377-C7B637FB592E}.Release|Any CPU.Build.0 = Release|Any CPU
	EndGlobalSection
	GlobalSection(SolutionProperties) = preSolution
		HideSolutionNode = FALSE
	EndGlobalSection
	GlobalSection(ExtensibilityGlobals) = postSolution
		SolutionGuid = {492C3FC7-671D-4A91-B8DE-240AC1E0F365}
	EndGlobalSection
EndGlobal
