
Microsoft Visual Studio Solution File, Format Version 12.00
# Visual Studio 15
VisualStudioVersion = 15.0.28307.852
MinimumVisualStudioVersion = 10.0.40219.1
Project("{9A19103F-16F7-4668-BE54-9A1E7A4F7556}") = "GoogleSearch", "GoogleSearch\GoogleSearch.csproj", "{38C3815D-80F8-4611-949E-822AF2058837}"
EndProject
Project("{FAE04EC0-301F-11D3-BF4B-00C04F79EFBC}") = "QAAutomation", "QAAutomation\QAAutomation.csproj", "{5042C710-A5E6-4A3B-9AAB-45FFCA68C82E}"
EndProject
Project("{FAE04EC0-301F-11D3-BF4B-00C04F79EFBC}") = "AutomationpracticeRegistration", "AutomationpracticeRegistration\AutomationpracticeRegistration.csproj", "{42266DDC-3E4F-4BB2-895A-AD0A1F45448F}"
EndProject
Global
	GlobalSection(SolutionConfigurationPlatforms) = preSolution
		Debug|Any CPU = Debug|Any CPU
		Release|Any CPU = Release|Any CPU
	EndGlobalSection
	GlobalSection(ProjectConfigurationPlatforms) = postSolution
		{38C3815D-80F8-4611-949E-822AF2058837}.Debug|Any CPU.ActiveCfg = Debug|Any CPU
		{38C3815D-80F8-4611-949E-822AF2058837}.Debug|Any CPU.Build.0 = Debug|Any CPU
		{38C3815D-80F8-4611-949E-822AF2058837}.Release|Any CPU.ActiveCfg = Release|Any CPU
		{38C3815D-80F8-4611-949E-822AF2058837}.Release|Any CPU.Build.0 = Release|Any CPU
		{5042C710-A5E6-4A3B-9AAB-45FFCA68C82E}.Debug|Any CPU.ActiveCfg = Debug|Any CPU
		{5042C710-A5E6-4A3B-9AAB-45FFCA68C82E}.Debug|Any CPU.Build.0 = Debug|Any CPU
		{5042C710-A5E6-4A3B-9AAB-45FFCA68C82E}.Release|Any CPU.ActiveCfg = Release|Any CPU
		{5042C710-A5E6-4A3B-9AAB-45FFCA68C82E}.Release|Any CPU.Build.0 = Release|Any CPU
		{42266DDC-3E4F-4BB2-895A-AD0A1F45448F}.Debug|Any CPU.ActiveCfg = Debug|Any CPU
		{42266DDC-3E4F-4BB2-895A-AD0A1F45448F}.Debug|Any CPU.Build.0 = Debug|Any CPU
		{42266DDC-3E4F-4BB2-895A-AD0A1F45448F}.Release|Any CPU.ActiveCfg = Release|Any CPU
		{42266DDC-3E4F-4BB2-895A-AD0A1F45448F}.Release|Any CPU.Build.0 = Release|Any CPU
	EndGlobalSection
	GlobalSection(SolutionProperties) = preSolution
		HideSolutionNode = FALSE
	EndGlobalSection
	GlobalSection(ExtensibilityGlobals) = postSolution
		SolutionGuid = {E8285513-E264-44EC-97A7-D9D90BE524AF}
	EndGlobalSection
EndGlobal
